
Microsoft Visual Studio Solution File, Format Version 12.00
# Visual Studio 14
VisualStudioVersion = 14.0.25420.1
MinimumVisualStudioVersion = 10.0.40219.1
Project("{2150E333-8FDC-42A3-9474-1A3956D46DE8}") = "Capas", "Capas", "{293972FE-1E09-46F9-BD0A-842BACFB40EA}"
EndProject
Project("{2150E333-8FDC-42A3-9474-1A3956D46DE8}") = "Dominio", "Dominio", "{4731DCED-5DFD-427F-B1D8-482849ED8D28}"
EndProject
Project("{2150E333-8FDC-42A3-9474-1A3956D46DE8}") = "Entidades", "Entidades", "{E732DF36-3921-4B78-84E7-991FC3CD36C6}"
EndProject
Project("{FAE04EC0-301F-11D3-BF4B-00C04F79EFBC}") = "Oporie.Dominio.ModuloPrincipal.Entidades", "Oporie.Dominio.ModuloPrincipal.Entidades\Oporie.Dominio.ModuloPrincipal.Entidades.csproj", "{AE415D36-18BD-4172-AB22-5F75054208CF}"
EndProject
Project("{2150E333-8FDC-42A3-9474-1A3956D46DE8}") = "Entidades.ModuloPrincipal", "Entidades.ModuloPrincipal", "{72F99740-2538-4966-863D-6527D1F53CEF}"
EndProject
Project("{2150E333-8FDC-42A3-9474-1A3956D46DE8}") = "Infraestructura", "Infraestructura", "{9AC8FD48-21B0-43D8-989F-C0BED852E8E4}"
EndProject
Project("{2150E333-8FDC-42A3-9474-1A3956D46DE8}") = "Data", "Data", "{85C77E61-4522-4160-8C5B-4B87A07D2115}"
EndProject
Project("{2150E333-8FDC-42A3-9474-1A3956D46DE8}") = "Data.ModuloPrincipal", "Data.ModuloPrincipal", "{523F2905-B19F-4508-AD33-C004CE99BDA7}"
EndProject
Project("{FAE04EC0-301F-11D3-BF4B-00C04F79EFBC}") = "Oporie.Infraestructura.Data.ModuloPrincipal", "Oporie.Infraestructura.Data.ModuloPrincipal\Oporie.Infraestructura.Data.ModuloPrincipal.csproj", "{254D0F45-76C1-4744-A443-917DFB605422}"
EndProject
Project("{2150E333-8FDC-42A3-9474-1A3956D46DE8}") = "Core", "Core", "{6CE31A53-DD28-4F98-AA51-FA9E6EB9D69E}"
EndProject
Project("{FAE04EC0-301F-11D3-BF4B-00C04F79EFBC}") = "Dominio.Core.Entidades", "Dominio.Core.Entidades\Dominio.Core.Entidades.csproj", "{472E11B5-91A1-499D-8DDB-24BD8DD3BEEF}"
EndProject
Project("{FAE04EC0-301F-11D3-BF4B-00C04F79EFBC}") = "Dominio.Core", "Dominio.Core\Dominio.Core.csproj", "{614E34AC-DCF6-4AA7-9B9C-62DED9BCA542}"
EndProject
Project("{2150E333-8FDC-42A3-9474-1A3956D46DE8}") = "Core", "Core", "{F32AE2BA-96FE-4769-B963-FFAB4A4BFEB4}"
EndProject
Project("{FAE04EC0-301F-11D3-BF4B-00C04F79EFBC}") = "Infraestructura.Data.Core", "Infraestructura.Data.Core\Infraestructura.Data.Core.csproj", "{4870DEC4-964E-48F8-AAA4-6FA76B17F45D}"
EndProject
Project("{2150E333-8FDC-42A3-9474-1A3956D46DE8}") = "Cross Cutting", "Cross Cutting", "{97D00AFD-5FF2-4EAF-826D-D6DFF82F0A61}"
EndProject
Project("{FAE04EC0-301F-11D3-BF4B-00C04F79EFBC}") = "Infraestructura.CrossCutting", "Infraestructura.CrossCutting\Infraestructura.CrossCutting.csproj", "{D2A92834-652E-49B6-8FC9-CD1D73E627AB}"
EndProject
Project("{FAE04EC0-301F-11D3-BF4B-00C04F79EFBC}") = "Oporie.Dominio.ModuloPrincipal", "Oporie.Dominio.ModuloPrincipal\Oporie.Dominio.ModuloPrincipal.csproj", "{EDCD67F2-5CDB-4641-9842-BD8E65659B9B}"
EndProject
Project("{FAE04EC0-301F-11D3-BF4B-00C04F79EFBC}") = "Infraestructura.CrossCutting.NetFramework", "Infraestructura.CrossCutting.NetFramework\Infraestructura.CrossCutting.NetFramework.csproj", "{0707E911-0F15-4F1A-AE7A-340BA31F08A9}"
EndProject
Project("{2150E333-8FDC-42A3-9474-1A3956D46DE8}") = "Aplicacion", "Aplicacion", "{519EA1DB-9A4E-484B-A63B-F141AC0193BF}"
EndProject
Project("{FAE04EC0-301F-11D3-BF4B-00C04F79EFBC}") = "Aplicacion.ModuloPrincipal", "Aplicacion.ModuloPrincipal\Aplicacion.ModuloPrincipal.csproj", "{3C7231B2-9C77-4954-AE23-920834A4ECD4}"
EndProject
Project("{2150E333-8FDC-42A3-9474-1A3956D46DE8}") = "Servicios Distribuidos", "Servicios Distribuidos", "{78D07B41-C715-4B32-9AB8-70F885993CD7}"
EndProject
Project("{2150E333-8FDC-42A3-9474-1A3956D46DE8}") = "SeedWork", "SeedWork", "{84A53843-6E9C-42C0-A982-6B75B39C4F6B}"
EndProject
Project("{FAE04EC0-301F-11D3-BF4B-00C04F79EFBC}") = "ServiciosDistribuidos.SeedWork", "ServiciosDistribuidos.SeedWork\ServiciosDistribuidos.SeedWork.csproj", "{8C7E8674-1F7C-4736-80F9-27202ABC09C5}"
EndProject
Project("{FAE04EC0-301F-11D3-BF4B-00C04F79EFBC}") = "Aplicacion.ModuloPrincipal.Test", "Aplicacion.ModuloPrincipal.Test\Aplicacion.ModuloPrincipal.Test.csproj", "{0C5A2A01-00F5-450D-94AB-9BCF2ACF9F00}"
EndProject
Project("{2150E333-8FDC-42A3-9474-1A3956D46DE8}") = "Solution Items", "Solution Items", "{71A8B0B5-5774-44D0-B55B-AB9CAE4CD697}"
	ProjectSection(SolutionItems) = preProject
		Local.testsettings = Local.testsettings
		Oporie.vsmdi = Oporie.vsmdi
		TraceAndTestImpact.testsettings = TraceAndTestImpact.testsettings
	EndProjectSection
EndProject
Global
	GlobalSection(SolutionConfigurationPlatforms) = preSolution
		Debug|Any CPU = Debug|Any CPU
		Release|Any CPU = Release|Any CPU
	EndGlobalSection
	GlobalSection(ProjectConfigurationPlatforms) = postSolution
		{AE415D36-18BD-4172-AB22-5F75054208CF}.Debug|Any CPU.ActiveCfg = Debug|Any CPU
		{AE415D36-18BD-4172-AB22-5F75054208CF}.Debug|Any CPU.Build.0 = Debug|Any CPU
		{AE415D36-18BD-4172-AB22-5F75054208CF}.Release|Any CPU.ActiveCfg = Release|Any CPU
		{AE415D36-18BD-4172-AB22-5F75054208CF}.Release|Any CPU.Build.0 = Release|Any CPU
		{254D0F45-76C1-4744-A443-917DFB605422}.Debug|Any CPU.ActiveCfg = Debug|Any CPU
		{254D0F45-76C1-4744-A443-917DFB605422}.Debug|Any CPU.Build.0 = Debug|Any CPU
		{254D0F45-76C1-4744-A443-917DFB605422}.Release|Any CPU.ActiveCfg = Release|Any CPU
		{254D0F45-76C1-4744-A443-917DFB605422}.Release|Any CPU.Build.0 = Release|Any CPU
		{472E11B5-91A1-499D-8DDB-24BD8DD3BEEF}.Debug|Any CPU.ActiveCfg = Debug|Any CPU
		{472E11B5-91A1-499D-8DDB-24BD8DD3BEEF}.Debug|Any CPU.Build.0 = Debug|Any CPU
		{472E11B5-91A1-499D-8DDB-24BD8DD3BEEF}.Release|Any CPU.ActiveCfg = Release|Any CPU
		{472E11B5-91A1-499D-8DDB-24BD8DD3BEEF}.Release|Any CPU.Build.0 = Release|Any CPU
		{614E34AC-DCF6-4AA7-9B9C-62DED9BCA542}.Debug|Any CPU.ActiveCfg = Debug|Any CPU
		{614E34AC-DCF6-4AA7-9B9C-62DED9BCA542}.Debug|Any CPU.Build.0 = Debug|Any CPU
		{614E34AC-DCF6-4AA7-9B9C-62DED9BCA542}.Release|Any CPU.ActiveCfg = Release|Any CPU
		{614E34AC-DCF6-4AA7-9B9C-62DED9BCA542}.Release|Any CPU.Build.0 = Release|Any CPU
		{4870DEC4-964E-48F8-AAA4-6FA76B17F45D}.Debug|Any CPU.ActiveCfg = Debug|Any CPU
		{4870DEC4-964E-48F8-AAA4-6FA76B17F45D}.Debug|Any CPU.Build.0 = Debug|Any CPU
		{4870DEC4-964E-48F8-AAA4-6FA76B17F45D}.Release|Any CPU.ActiveCfg = Release|Any CPU
		{4870DEC4-964E-48F8-AAA4-6FA76B17F45D}.Release|Any CPU.Build.0 = Release|Any CPU
		{D2A92834-652E-49B6-8FC9-CD1D73E627AB}.Debug|Any CPU.ActiveCfg = Debug|Any CPU
		{D2A92834-652E-49B6-8FC9-CD1D73E627AB}.Debug|Any CPU.Build.0 = Debug|Any CPU
		{D2A92834-652E-49B6-8FC9-CD1D73E627AB}.Release|Any CPU.ActiveCfg = Release|Any CPU
		{D2A92834-652E-49B6-8FC9-CD1D73E627AB}.Release|Any CPU.Build.0 = Release|Any CPU
		{EDCD67F2-5CDB-4641-9842-BD8E65659B9B}.Debug|Any CPU.ActiveCfg = Debug|Any CPU
		{EDCD67F2-5CDB-4641-9842-BD8E65659B9B}.Debug|Any CPU.Build.0 = Debug|Any CPU
		{EDCD67F2-5CDB-4641-9842-BD8E65659B9B}.Release|Any CPU.ActiveCfg = Release|Any CPU
		{EDCD67F2-5CDB-4641-9842-BD8E65659B9B}.Release|Any CPU.Build.0 = Release|Any CPU
		{0707E911-0F15-4F1A-AE7A-340BA31F08A9}.Debug|Any CPU.ActiveCfg = Debug|Any CPU
		{0707E911-0F15-4F1A-AE7A-340BA31F08A9}.Debug|Any CPU.Build.0 = Debug|Any CPU
		{0707E911-0F15-4F1A-AE7A-340BA31F08A9}.Release|Any CPU.ActiveCfg = Release|Any CPU
		{0707E911-0F15-4F1A-AE7A-340BA31F08A9}.Release|Any CPU.Build.0 = Release|Any CPU
		{3C7231B2-9C77-4954-AE23-920834A4ECD4}.Debug|Any CPU.ActiveCfg = Debug|Any CPU
		{3C7231B2-9C77-4954-AE23-920834A4ECD4}.Debug|Any CPU.Build.0 = Debug|Any CPU
		{3C7231B2-9C77-4954-AE23-920834A4ECD4}.Release|Any CPU.ActiveCfg = Release|Any CPU
		{3C7231B2-9C77-4954-AE23-920834A4ECD4}.Release|Any CPU.Build.0 = Release|Any CPU
		{8C7E8674-1F7C-4736-80F9-27202ABC09C5}.Debug|Any CPU.ActiveCfg = Debug|Any CPU
		{8C7E8674-1F7C-4736-80F9-27202ABC09C5}.Debug|Any CPU.Build.0 = Debug|Any CPU
		{8C7E8674-1F7C-4736-80F9-27202ABC09C5}.Release|Any CPU.ActiveCfg = Release|Any CPU
		{8C7E8674-1F7C-4736-80F9-27202ABC09C5}.Release|Any CPU.Build.0 = Release|Any CPU
		{0C5A2A01-00F5-450D-94AB-9BCF2ACF9F00}.Debug|Any CPU.ActiveCfg = Debug|Any CPU
		{0C5A2A01-00F5-450D-94AB-9BCF2ACF9F00}.Debug|Any CPU.Build.0 = Debug|Any CPU
		{0C5A2A01-00F5-450D-94AB-9BCF2ACF9F00}.Release|Any CPU.ActiveCfg = Release|Any CPU
		{0C5A2A01-00F5-450D-94AB-9BCF2ACF9F00}.Release|Any CPU.Build.0 = Release|Any CPU
	EndGlobalSection
	GlobalSection(SolutionProperties) = preSolution
		HideSolutionNode = FALSE
	EndGlobalSection
	GlobalSection(NestedProjects) = preSolution
		{4731DCED-5DFD-427F-B1D8-482849ED8D28} = {293972FE-1E09-46F9-BD0A-842BACFB40EA}
		{E732DF36-3921-4B78-84E7-991FC3CD36C6} = {4731DCED-5DFD-427F-B1D8-482849ED8D28}
		{AE415D36-18BD-4172-AB22-5F75054208CF} = {72F99740-2538-4966-863D-6527D1F53CEF}
		{72F99740-2538-4966-863D-6527D1F53CEF} = {E732DF36-3921-4B78-84E7-991FC3CD36C6}
		{9AC8FD48-21B0-43D8-989F-C0BED852E8E4} = {293972FE-1E09-46F9-BD0A-842BACFB40EA}
		{85C77E61-4522-4160-8C5B-4B87A07D2115} = {9AC8FD48-21B0-43D8-989F-C0BED852E8E4}
		{523F2905-B19F-4508-AD33-C004CE99BDA7} = {85C77E61-4522-4160-8C5B-4B87A07D2115}
		{254D0F45-76C1-4744-A443-917DFB605422} = {523F2905-B19F-4508-AD33-C004CE99BDA7}
		{6CE31A53-DD28-4F98-AA51-FA9E6EB9D69E} = {4731DCED-5DFD-427F-B1D8-482849ED8D28}
		{472E11B5-91A1-499D-8DDB-24BD8DD3BEEF} = {6CE31A53-DD28-4F98-AA51-FA9E6EB9D69E}
		{614E34AC-DCF6-4AA7-9B9C-62DED9BCA542} = {6CE31A53-DD28-4F98-AA51-FA9E6EB9D69E}
		{F32AE2BA-96FE-4769-B963-FFAB4A4BFEB4} = {85C77E61-4522-4160-8C5B-4B87A07D2115}
		{4870DEC4-964E-48F8-AAA4-6FA76B17F45D} = {F32AE2BA-96FE-4769-B963-FFAB4A4BFEB4}
		{97D00AFD-5FF2-4EAF-826D-D6DFF82F0A61} = {9AC8FD48-21B0-43D8-989F-C0BED852E8E4}
		{D2A92834-652E-49B6-8FC9-CD1D73E627AB} = {97D00AFD-5FF2-4EAF-826D-D6DFF82F0A61}
		{EDCD67F2-5CDB-4641-9842-BD8E65659B9B} = {72F99740-2538-4966-863D-6527D1F53CEF}
		{0707E911-0F15-4F1A-AE7A-340BA31F08A9} = {97D00AFD-5FF2-4EAF-826D-D6DFF82F0A61}
		{519EA1DB-9A4E-484B-A63B-F141AC0193BF} = {293972FE-1E09-46F9-BD0A-842BACFB40EA}
		{3C7231B2-9C77-4954-AE23-920834A4ECD4} = {519EA1DB-9A4E-484B-A63B-F141AC0193BF}
		{78D07B41-C715-4B32-9AB8-70F885993CD7} = {293972FE-1E09-46F9-BD0A-842BACFB40EA}
		{84A53843-6E9C-42C0-A982-6B75B39C4F6B} = {78D07B41-C715-4B32-9AB8-70F885993CD7}
		{8C7E8674-1F7C-4736-80F9-27202ABC09C5} = {84A53843-6E9C-42C0-A982-6B75B39C4F6B}
	EndGlobalSection
	GlobalSection(TestCaseManagementSettings) = postSolution
		CategoryFile = Oporie.vsmdi
	EndGlobalSection
EndGlobal
